// !$*UTF8*$!
{
	archiveVersion = 1;
	classes = {
	};
	objectVersion = 46;
	objects = {

/* Begin PBXBuildFile section */
		E45F416F19005E1A009D21D7 /* Medias.m in Sources */ = {isa = PBXBuildFile; fileRef = E45F416E19005E1A009D21D7 /* Medias.m */; };
		E45F417519005E1B009D21D7 /* Languages.m in Sources */ = {isa = PBXBuildFile; fileRef = E45F417419005E1B009D21D7 /* Languages.m */; };
		E45F417819005E1B009D21D7 /* Captions.m in Sources */ = {isa = PBXBuildFile; fileRef = E45F417719005E1B009D21D7 /* Captions.m */; };
		E45F417B190095CA009D21D7 /* Popups.m in Sources */ = {isa = PBXBuildFile; fileRef = E45F417A190095CA009D21D7 /* Popups.m */; };
		E45F417E19009C3C009D21D7 /* PopupDetailsViewController.m in Sources */ = {isa = PBXBuildFile; fileRef = E45F417D19009C3C009D21D7 /* PopupDetailsViewController.m */; };
		E45F418019009F68009D21D7 /* AVFoundation.framework in Frameworks */ = {isa = PBXBuildFile; fileRef = E45F417F19009F68009D21D7 /* AVFoundation.framework */; };
		E45F41A11901F90C009D21D7 /* abvgdjpordk1dlnqe6tke4nhdv.mp3 in Resources */ = {isa = PBXBuildFile; fileRef = E45F41901901F90C009D21D7 /* abvgdjpordk1dlnqe6tke4nhdv.mp3 */; };
		E45F41A21901F90C009D21D7 /* bpkkma9v4m7ko7i1ehon7ackrp.mp3 in Resources */ = {isa = PBXBuildFile; fileRef = E45F41911901F90C009D21D7 /* bpkkma9v4m7ko7i1ehon7ackrp.mp3 */; };
		E45F41A31901F90C009D21D7 /* bpn0t1p69b8q58jfanvdebj8ms.mp3 in Resources */ = {isa = PBXBuildFile; fileRef = E45F41921901F90C009D21D7 /* bpn0t1p69b8q58jfanvdebj8ms.mp3 */; };
		E45F41A41901F90C009D21D7 /* c8gs03kmo5ci4ijruki9k3qtfn.mp3 in Resources */ = {isa = PBXBuildFile; fileRef = E45F41931901F90C009D21D7 /* c8gs03kmo5ci4ijruki9k3qtfn.mp3 */; };
		E45F41A51901F90C009D21D7 /* dg3obb9m1506tjj4r6nt3rctdg.mp3 in Resources */ = {isa = PBXBuildFile; fileRef = E45F41941901F90C009D21D7 /* dg3obb9m1506tjj4r6nt3rctdg.mp3 */; };
		E45F41A61901F90C009D21D7 /* dqsakds6h6r9ba1c0ph4kiocdl.mp3 in Resources */ = {isa = PBXBuildFile; fileRef = E45F41951901F90C009D21D7 /* dqsakds6h6r9ba1c0ph4kiocdl.mp3 */; };
		E45F41A71901F90C009D21D7 /* e7m6mb9estmnrm9481rjfsrl06.mp3 in Resources */ = {isa = PBXBuildFile; fileRef = E45F41961901F90C009D21D7 /* e7m6mb9estmnrm9481rjfsrl06.mp3 */; };
		E45F41A81901F90C009D21D7 /* ijcd3lv0grgbcbe5fah6ccafmd.mp4 in Resources */ = {isa = PBXBuildFile; fileRef = E45F41971901F90C009D21D7 /* ijcd3lv0grgbcbe5fah6ccafmd.mp4 */; };
		E45F41A91901F90C009D21D7 /* j02n6fuji0hve0dfkn9cfg49hu.mp3 in Resources */ = {isa = PBXBuildFile; fileRef = E45F41981901F90C009D21D7 /* j02n6fuji0hve0dfkn9cfg49hu.mp3 */; };
		E45F41AA1901F90C009D21D7 /* k9hj7jsp421r0534q8gbfkrt17.mp3 in Resources */ = {isa = PBXBuildFile; fileRef = E45F41991901F90C009D21D7 /* k9hj7jsp421r0534q8gbfkrt17.mp3 */; };
		E45F41AB1901F90C009D21D7 /* lhgo8k5k3lq1h1615vu0edqc84.mp3 in Resources */ = {isa = PBXBuildFile; fileRef = E45F419A1901F90C009D21D7 /* lhgo8k5k3lq1h1615vu0edqc84.mp3 */; };
		E45F41AC1901F90C009D21D7 /* ohvod2am1f8eqdajv4g6kcq1il.mp4 in Resources */ = {isa = PBXBuildFile; fileRef = E45F419B1901F90C009D21D7 /* ohvod2am1f8eqdajv4g6kcq1il.mp4 */; };
		E45F41AD1901F90C009D21D7 /* qnbq12046pq34kgkh3je74l7v2.mp3 in Resources */ = {isa = PBXBuildFile; fileRef = E45F419C1901F90C009D21D7 /* qnbq12046pq34kgkh3je74l7v2.mp3 */; };
		E45F41AE1901F90C009D21D7 /* rgnunrgf0kjmp9qk07u3517v65.mp4 in Resources */ = {isa = PBXBuildFile; fileRef = E45F419D1901F90C009D21D7 /* rgnunrgf0kjmp9qk07u3517v65.mp4 */; };
		E45F41AF1901F90C009D21D7 /* sk7st079h5v4nd84623tbm74to.mp3 in Resources */ = {isa = PBXBuildFile; fileRef = E45F419E1901F90C009D21D7 /* sk7st079h5v4nd84623tbm74to.mp3 */; };
		E45F41B01901F90C009D21D7 /* u0gei2lv50peq2qd3ksguf09ki.mp4 in Resources */ = {isa = PBXBuildFile; fileRef = E45F419F1901F90C009D21D7 /* u0gei2lv50peq2qd3ksguf09ki.mp4 */; };
		E45F41B11901F90C009D21D7 /* ufdof2ju9i5lrg00clgq1s7v56.mp4 in Resources */ = {isa = PBXBuildFile; fileRef = E45F41A01901F90C009D21D7 /* ufdof2ju9i5lrg00clgq1s7v56.mp4 */; };
		E45F41C31905A7BD009D21D7 /* pause.png in Resources */ = {isa = PBXBuildFile; fileRef = E45F41C11905A7BD009D21D7 /* pause.png */; };
		E45F41C41905A7BD009D21D7 /* play.png in Resources */ = {isa = PBXBuildFile; fileRef = E45F41C21905A7BD009D21D7 /* play.png */; };
		E4D5605118FF9A1100263AC4 /* VideoListTableViewController.m in Sources */ = {isa = PBXBuildFile; fileRef = E4D5605018FF9A1100263AC4 /* VideoListTableViewController.m */; };
		E4D5606718FFAF4D00263AC4 /* VideoPlayerViewController.m in Sources */ = {isa = PBXBuildFile; fileRef = E4D5606618FFAF4D00263AC4 /* VideoPlayerViewController.m */; };
		E4D5606918FFB22300263AC4 /* MediaPlayer.framework in Frameworks */ = {isa = PBXBuildFile; fileRef = E4D5606818FFB22300263AC4 /* MediaPlayer.framework */; };
		E4D5607818FFB3B700263AC4 /* CallQueue.m in Sources */ = {isa = PBXBuildFile; fileRef = E4D5606B18FFB3B700263AC4 /* CallQueue.m */; };
		E4D5607918FFB3B700263AC4 /* DAOManager.m in Sources */ = {isa = PBXBuildFile; fileRef = E4D5606D18FFB3B700263AC4 /* DAOManager.m */; };
		E4D5607A18FFB3B700263AC4 /* VPDaoV1.m in Sources */ = {isa = PBXBuildFile; fileRef = E4D5606F18FFB3B700263AC4 /* VPDaoV1.m */; };
		E4D5607B18FFB3B700263AC4 /* NSStringAdditions.m in Sources */ = {isa = PBXBuildFile; fileRef = E4D5607118FFB3B700263AC4 /* NSStringAdditions.m */; };
		E4D5607C18FFB3B700263AC4 /* NSURLAdditions.m in Sources */ = {isa = PBXBuildFile; fileRef = E4D5607318FFB3B700263AC4 /* NSURLAdditions.m */; };
		E4D5607D18FFB3B700263AC4 /* NSURLConnectionWithExtras.m in Sources */ = {isa = PBXBuildFile; fileRef = E4D5607518FFB3B700263AC4 /* NSURLConnectionWithExtras.m */; };
		E4D5607E18FFB3B700263AC4 /* Random.m in Sources */ = {isa = PBXBuildFile; fileRef = E4D5607718FFB3B700263AC4 /* Random.m */; };
		E4DDCF9F18FF983D002688E9 /* Foundation.framework in Frameworks */ = {isa = PBXBuildFile; fileRef = E4DDCF9E18FF983D002688E9 /* Foundation.framework */; };
		E4DDCFA118FF983D002688E9 /* CoreGraphics.framework in Frameworks */ = {isa = PBXBuildFile; fileRef = E4DDCFA018FF983D002688E9 /* CoreGraphics.framework */; };
		E4DDCFA318FF983D002688E9 /* UIKit.framework in Frameworks */ = {isa = PBXBuildFile; fileRef = E4DDCFA218FF983D002688E9 /* UIKit.framework */; };
		E4DDCFA518FF983D002688E9 /* CoreData.framework in Frameworks */ = {isa = PBXBuildFile; fileRef = E4DDCFA418FF983D002688E9 /* CoreData.framework */; };
		E4DDCFAB18FF983D002688E9 /* InfoPlist.strings in Resources */ = {isa = PBXBuildFile; fileRef = E4DDCFA918FF983D002688E9 /* InfoPlist.strings */; };
		E4DDCFAD18FF983D002688E9 /* main.m in Sources */ = {isa = PBXBuildFile; fileRef = E4DDCFAC18FF983D002688E9 /* main.m */; };
		E4DDCFB118FF983D002688E9 /* AppDelegate.m in Sources */ = {isa = PBXBuildFile; fileRef = E4DDCFB018FF983D002688E9 /* AppDelegate.m */; };
		E4DDCFB418FF983D002688E9 /* VideoViewer.xcdatamodeld in Sources */ = {isa = PBXBuildFile; fileRef = E4DDCFB218FF983D002688E9 /* VideoViewer.xcdatamodeld */; };
		E4DDCFB618FF983D002688E9 /* Images.xcassets in Resources */ = {isa = PBXBuildFile; fileRef = E4DDCFB518FF983D002688E9 /* Images.xcassets */; };
		E4DDCFBD18FF983D002688E9 /* XCTest.framework in Frameworks */ = {isa = PBXBuildFile; fileRef = E4DDCFBC18FF983D002688E9 /* XCTest.framework */; };
		E4DDCFBE18FF983D002688E9 /* Foundation.framework in Frameworks */ = {isa = PBXBuildFile; fileRef = E4DDCF9E18FF983D002688E9 /* Foundation.framework */; };
		E4DDCFBF18FF983D002688E9 /* UIKit.framework in Frameworks */ = {isa = PBXBuildFile; fileRef = E4DDCFA218FF983D002688E9 /* UIKit.framework */; };
		E4DDCFC018FF983D002688E9 /* CoreData.framework in Frameworks */ = {isa = PBXBuildFile; fileRef = E4DDCFA418FF983D002688E9 /* CoreData.framework */; };
		E4DDCFC818FF983D002688E9 /* InfoPlist.strings in Resources */ = {isa = PBXBuildFile; fileRef = E4DDCFC618FF983D002688E9 /* InfoPlist.strings */; };
		E4DDCFCA18FF983D002688E9 /* VideoViewerTests.m in Sources */ = {isa = PBXBuildFile; fileRef = E4DDCFC918FF983D002688E9 /* VideoViewerTests.m */; };
/* End PBXBuildFile section */

/* Begin PBXContainerItemProxy section */
		E4DDCFC118FF983D002688E9 /* PBXContainerItemProxy */ = {
			isa = PBXContainerItemProxy;
			containerPortal = E4DDCF9318FF983D002688E9 /* Project object */;
			proxyType = 1;
			remoteGlobalIDString = E4DDCF9A18FF983D002688E9;
			remoteInfo = VideoViewer;
		};
/* End PBXContainerItemProxy section */

/* Begin PBXFileReference section */
		E45F416D19005E1A009D21D7 /* Medias.h */ = {isa = PBXFileReference; fileEncoding = 4; lastKnownFileType = sourcecode.c.h; path = Medias.h; sourceTree = "<group>"; };
		E45F416E19005E1A009D21D7 /* Medias.m */ = {isa = PBXFileReference; fileEncoding = 4; lastKnownFileType = sourcecode.c.objc; path = Medias.m; sourceTree = "<group>"; };
		E45F417319005E1B009D21D7 /* Languages.h */ = {isa = PBXFileReference; fileEncoding = 4; lastKnownFileType = sourcecode.c.h; path = Languages.h; sourceTree = "<group>"; };
		E45F417419005E1B009D21D7 /* Languages.m */ = {isa = PBXFileReference; fileEncoding = 4; lastKnownFileType = sourcecode.c.objc; path = Languages.m; sourceTree = "<group>"; };
		E45F417619005E1B009D21D7 /* Captions.h */ = {isa = PBXFileReference; fileEncoding = 4; lastKnownFileType = sourcecode.c.h; path = Captions.h; sourceTree = "<group>"; };
		E45F417719005E1B009D21D7 /* Captions.m */ = {isa = PBXFileReference; fileEncoding = 4; lastKnownFileType = sourcecode.c.objc; path = Captions.m; sourceTree = "<group>"; };
		E45F4179190095CA009D21D7 /* Popups.h */ = {isa = PBXFileReference; fileEncoding = 4; lastKnownFileType = sourcecode.c.h; path = Popups.h; sourceTree = "<group>"; };
		E45F417A190095CA009D21D7 /* Popups.m */ = {isa = PBXFileReference; fileEncoding = 4; lastKnownFileType = sourcecode.c.objc; path = Popups.m; sourceTree = "<group>"; };
		E45F417C19009C3C009D21D7 /* PopupDetailsViewController.h */ = {isa = PBXFileReference; fileEncoding = 4; lastKnownFileType = sourcecode.c.h; path = PopupDetailsViewController.h; sourceTree = "<group>"; };
		E45F417D19009C3C009D21D7 /* PopupDetailsViewController.m */ = {isa = PBXFileReference; fileEncoding = 4; lastKnownFileType = sourcecode.c.objc; path = PopupDetailsViewController.m; sourceTree = "<group>"; };
		E45F417F19009F68009D21D7 /* AVFoundation.framework */ = {isa = PBXFileReference; lastKnownFileType = wrapper.framework; name = AVFoundation.framework; path = System/Library/Frameworks/AVFoundation.framework; sourceTree = SDKROOT; };
		E45F41901901F90C009D21D7 /* abvgdjpordk1dlnqe6tke4nhdv.mp3 */ = {isa = PBXFileReference; lastKnownFileType = audio.mp3; path = abvgdjpordk1dlnqe6tke4nhdv.mp3; sourceTree = "<group>"; };
		E45F41911901F90C009D21D7 /* bpkkma9v4m7ko7i1ehon7ackrp.mp3 */ = {isa = PBXFileReference; lastKnownFileType = audio.mp3; path = bpkkma9v4m7ko7i1ehon7ackrp.mp3; sourceTree = "<group>"; };
		E45F41921901F90C009D21D7 /* bpn0t1p69b8q58jfanvdebj8ms.mp3 */ = {isa = PBXFileReference; lastKnownFileType = audio.mp3; path = bpn0t1p69b8q58jfanvdebj8ms.mp3; sourceTree = "<group>"; };
		E45F41931901F90C009D21D7 /* c8gs03kmo5ci4ijruki9k3qtfn.mp3 */ = {isa = PBXFileReference; lastKnownFileType = audio.mp3; path = c8gs03kmo5ci4ijruki9k3qtfn.mp3; sourceTree = "<group>"; };
		E45F41941901F90C009D21D7 /* dg3obb9m1506tjj4r6nt3rctdg.mp3 */ = {isa = PBXFileReference; lastKnownFileType = audio.mp3; path = dg3obb9m1506tjj4r6nt3rctdg.mp3; sourceTree = "<group>"; };
		E45F41951901F90C009D21D7 /* dqsakds6h6r9ba1c0ph4kiocdl.mp3 */ = {isa = PBXFileReference; lastKnownFileType = audio.mp3; path = dqsakds6h6r9ba1c0ph4kiocdl.mp3; sourceTree = "<group>"; };
		E45F41961901F90C009D21D7 /* e7m6mb9estmnrm9481rjfsrl06.mp3 */ = {isa = PBXFileReference; lastKnownFileType = audio.mp3; path = e7m6mb9estmnrm9481rjfsrl06.mp3; sourceTree = "<group>"; };
		E45F41971901F90C009D21D7 /* ijcd3lv0grgbcbe5fah6ccafmd.mp4 */ = {isa = PBXFileReference; lastKnownFileType = file; path = ijcd3lv0grgbcbe5fah6ccafmd.mp4; sourceTree = "<group>"; };
		E45F41981901F90C009D21D7 /* j02n6fuji0hve0dfkn9cfg49hu.mp3 */ = {isa = PBXFileReference; lastKnownFileType = audio.mp3; path = j02n6fuji0hve0dfkn9cfg49hu.mp3; sourceTree = "<group>"; };
		E45F41991901F90C009D21D7 /* k9hj7jsp421r0534q8gbfkrt17.mp3 */ = {isa = PBXFileReference; lastKnownFileType = audio.mp3; path = k9hj7jsp421r0534q8gbfkrt17.mp3; sourceTree = "<group>"; };
		E45F419A1901F90C009D21D7 /* lhgo8k5k3lq1h1615vu0edqc84.mp3 */ = {isa = PBXFileReference; lastKnownFileType = audio.mp3; path = lhgo8k5k3lq1h1615vu0edqc84.mp3; sourceTree = "<group>"; };
		E45F419B1901F90C009D21D7 /* ohvod2am1f8eqdajv4g6kcq1il.mp4 */ = {isa = PBXFileReference; lastKnownFileType = file; path = ohvod2am1f8eqdajv4g6kcq1il.mp4; sourceTree = "<group>"; };
		E45F419C1901F90C009D21D7 /* qnbq12046pq34kgkh3je74l7v2.mp3 */ = {isa = PBXFileReference; lastKnownFileType = audio.mp3; path = qnbq12046pq34kgkh3je74l7v2.mp3; sourceTree = "<group>"; };
		E45F419D1901F90C009D21D7 /* rgnunrgf0kjmp9qk07u3517v65.mp4 */ = {isa = PBXFileReference; lastKnownFileType = file; path = rgnunrgf0kjmp9qk07u3517v65.mp4; sourceTree = "<group>"; };
		E45F419E1901F90C009D21D7 /* sk7st079h5v4nd84623tbm74to.mp3 */ = {isa = PBXFileReference; lastKnownFileType = audio.mp3; path = sk7st079h5v4nd84623tbm74to.mp3; sourceTree = "<group>"; };
		E45F419F1901F90C009D21D7 /* u0gei2lv50peq2qd3ksguf09ki.mp4 */ = {isa = PBXFileReference; lastKnownFileType = file; path = u0gei2lv50peq2qd3ksguf09ki.mp4; sourceTree = "<group>"; };
		E45F41A01901F90C009D21D7 /* ufdof2ju9i5lrg00clgq1s7v56.mp4 */ = {isa = PBXFileReference; lastKnownFileType = file; path = ufdof2ju9i5lrg00clgq1s7v56.mp4; sourceTree = "<group>"; };
		E45F41C11905A7BD009D21D7 /* pause.png */ = {isa = PBXFileReference; lastKnownFileType = image.png; name = pause.png; path = "Good Images/pause.png"; sourceTree = "<group>"; };
		E45F41C21905A7BD009D21D7 /* play.png */ = {isa = PBXFileReference; lastKnownFileType = image.png; name = play.png; path = "Good Images/play.png"; sourceTree = "<group>"; };
		E4D5604F18FF9A1100263AC4 /* VideoListTableViewController.h */ = {isa = PBXFileReference; fileEncoding = 4; lastKnownFileType = sourcecode.c.h; path = VideoListTableViewController.h; sourceTree = "<group>"; };
		E4D5605018FF9A1100263AC4 /* VideoListTableViewController.m */ = {isa = PBXFileReference; fileEncoding = 4; lastKnownFileType = sourcecode.c.objc; path = VideoListTableViewController.m; sourceTree = "<group>"; };
		E4D5606518FFAF4D00263AC4 /* VideoPlayerViewController.h */ = {isa = PBXFileReference; fileEncoding = 4; lastKnownFileType = sourcecode.c.h; path = VideoPlayerViewController.h; sourceTree = "<group>"; };
		E4D5606618FFAF4D00263AC4 /* VideoPlayerViewController.m */ = {isa = PBXFileReference; fileEncoding = 4; lastKnownFileType = sourcecode.c.objc; path = VideoPlayerViewController.m; sourceTree = "<group>"; };
		E4D5606818FFB22300263AC4 /* MediaPlayer.framework */ = {isa = PBXFileReference; lastKnownFileType = wrapper.framework; name = MediaPlayer.framework; path = System/Library/Frameworks/MediaPlayer.framework; sourceTree = SDKROOT; };
		E4D5606A18FFB3B700263AC4 /* CallQueue.h */ = {isa = PBXFileReference; fileEncoding = 4; lastKnownFileType = sourcecode.c.h; path = CallQueue.h; sourceTree = "<group>"; };
		E4D5606B18FFB3B700263AC4 /* CallQueue.m */ = {isa = PBXFileReference; fileEncoding = 4; lastKnownFileType = sourcecode.c.objc; path = CallQueue.m; sourceTree = "<group>"; };
		E4D5606C18FFB3B700263AC4 /* DAOManager.h */ = {isa = PBXFileReference; fileEncoding = 4; lastKnownFileType = sourcecode.c.h; path = DAOManager.h; sourceTree = "<group>"; };
		E4D5606D18FFB3B700263AC4 /* DAOManager.m */ = {isa = PBXFileReference; fileEncoding = 4; lastKnownFileType = sourcecode.c.objc; path = DAOManager.m; sourceTree = "<group>"; };
		E4D5606E18FFB3B700263AC4 /* VPDaoV1.h */ = {isa = PBXFileReference; fileEncoding = 4; lastKnownFileType = sourcecode.c.h; path = VPDaoV1.h; sourceTree = "<group>"; };
		E4D5606F18FFB3B700263AC4 /* VPDaoV1.m */ = {isa = PBXFileReference; fileEncoding = 4; lastKnownFileType = sourcecode.c.objc; path = VPDaoV1.m; sourceTree = "<group>"; };
		E4D5607018FFB3B700263AC4 /* NSStringAdditions.h */ = {isa = PBXFileReference; fileEncoding = 4; lastKnownFileType = sourcecode.c.h; path = NSStringAdditions.h; sourceTree = "<group>"; };
		E4D5607118FFB3B700263AC4 /* NSStringAdditions.m */ = {isa = PBXFileReference; fileEncoding = 4; lastKnownFileType = sourcecode.c.objc; path = NSStringAdditions.m; sourceTree = "<group>"; };
		E4D5607218FFB3B700263AC4 /* NSURLAdditions.h */ = {isa = PBXFileReference; fileEncoding = 4; lastKnownFileType = sourcecode.c.h; path = NSURLAdditions.h; sourceTree = "<group>"; };
		E4D5607318FFB3B700263AC4 /* NSURLAdditions.m */ = {isa = PBXFileReference; fileEncoding = 4; lastKnownFileType = sourcecode.c.objc; path = NSURLAdditions.m; sourceTree = "<group>"; };
		E4D5607418FFB3B700263AC4 /* NSURLConnectionWithExtras.h */ = {isa = PBXFileReference; fileEncoding = 4; lastKnownFileType = sourcecode.c.h; path = NSURLConnectionWithExtras.h; sourceTree = "<group>"; };
		E4D5607518FFB3B700263AC4 /* NSURLConnectionWithExtras.m */ = {isa = PBXFileReference; fileEncoding = 4; lastKnownFileType = sourcecode.c.objc; path = NSURLConnectionWithExtras.m; sourceTree = "<group>"; };
		E4D5607618FFB3B700263AC4 /* Random.h */ = {isa = PBXFileReference; fileEncoding = 4; lastKnownFileType = sourcecode.c.h; path = Random.h; sourceTree = "<group>"; };
		E4D5607718FFB3B700263AC4 /* Random.m */ = {isa = PBXFileReference; fileEncoding = 4; lastKnownFileType = sourcecode.c.objc; path = Random.m; sourceTree = "<group>"; };
		E4DDCF9B18FF983D002688E9 /* VideoViewer.app */ = {isa = PBXFileReference; explicitFileType = wrapper.application; includeInIndex = 0; path = VideoViewer.app; sourceTree = BUILT_PRODUCTS_DIR; };
		E4DDCF9E18FF983D002688E9 /* Foundation.framework */ = {isa = PBXFileReference; lastKnownFileType = wrapper.framework; name = Foundation.framework; path = System/Library/Frameworks/Foundation.framework; sourceTree = SDKROOT; };
		E4DDCFA018FF983D002688E9 /* CoreGraphics.framework */ = {isa = PBXFileReference; lastKnownFileType = wrapper.framework; name = CoreGraphics.framework; path = System/Library/Frameworks/CoreGraphics.framework; sourceTree = SDKROOT; };
		E4DDCFA218FF983D002688E9 /* UIKit.framework */ = {isa = PBXFileReference; lastKnownFileType = wrapper.framework; name = UIKit.framework; path = System/Library/Frameworks/UIKit.framework; sourceTree = SDKROOT; };
		E4DDCFA418FF983D002688E9 /* CoreData.framework */ = {isa = PBXFileReference; lastKnownFileType = wrapper.framework; name = CoreData.framework; path = System/Library/Frameworks/CoreData.framework; sourceTree = SDKROOT; };
		E4DDCFA818FF983D002688E9 /* VideoViewer-Info.plist */ = {isa = PBXFileReference; lastKnownFileType = text.plist.xml; path = "VideoViewer-Info.plist"; sourceTree = "<group>"; };
		E4DDCFAA18FF983D002688E9 /* en */ = {isa = PBXFileReference; lastKnownFileType = text.plist.strings; name = en; path = en.lproj/InfoPlist.strings; sourceTree = "<group>"; };
		E4DDCFAC18FF983D002688E9 /* main.m */ = {isa = PBXFileReference; lastKnownFileType = sourcecode.c.objc; path = main.m; sourceTree = "<group>"; };
		E4DDCFAE18FF983D002688E9 /* VideoViewer-Prefix.pch */ = {isa = PBXFileReference; lastKnownFileType = sourcecode.c.h; path = "VideoViewer-Prefix.pch"; sourceTree = "<group>"; };
		E4DDCFAF18FF983D002688E9 /* AppDelegate.h */ = {isa = PBXFileReference; lastKnownFileType = sourcecode.c.h; path = AppDelegate.h; sourceTree = "<group>"; };
		E4DDCFB018FF983D002688E9 /* AppDelegate.m */ = {isa = PBXFileReference; lastKnownFileType = sourcecode.c.objc; path = AppDelegate.m; sourceTree = "<group>"; };
		E4DDCFB318FF983D002688E9 /* VideoViewer.xcdatamodel */ = {isa = PBXFileReference; lastKnownFileType = wrapper.xcdatamodel; path = VideoViewer.xcdatamodel; sourceTree = "<group>"; };
		E4DDCFB518FF983D002688E9 /* Images.xcassets */ = {isa = PBXFileReference; lastKnownFileType = folder.assetcatalog; path = Images.xcassets; sourceTree = "<group>"; };
		E4DDCFBB18FF983D002688E9 /* VideoViewerTests.xctest */ = {isa = PBXFileReference; explicitFileType = wrapper.cfbundle; includeInIndex = 0; path = VideoViewerTests.xctest; sourceTree = BUILT_PRODUCTS_DIR; };
		E4DDCFBC18FF983D002688E9 /* XCTest.framework */ = {isa = PBXFileReference; lastKnownFileType = wrapper.framework; name = XCTest.framework; path = Library/Frameworks/XCTest.framework; sourceTree = DEVELOPER_DIR; };
		E4DDCFC518FF983D002688E9 /* VideoViewerTests-Info.plist */ = {isa = PBXFileReference; lastKnownFileType = text.plist.xml; path = "VideoViewerTests-Info.plist"; sourceTree = "<group>"; };
		E4DDCFC718FF983D002688E9 /* en */ = {isa = PBXFileReference; lastKnownFileType = text.plist.strings; name = en; path = en.lproj/InfoPlist.strings; sourceTree = "<group>"; };
		E4DDCFC918FF983D002688E9 /* VideoViewerTests.m */ = {isa = PBXFileReference; lastKnownFileType = sourcecode.c.objc; path = VideoViewerTests.m; sourceTree = "<group>"; };
/* End PBXFileReference section */

/* Begin PBXFrameworksBuildPhase section */
		E4DDCF9818FF983D002688E9 /* Frameworks */ = {
			isa = PBXFrameworksBuildPhase;
			buildActionMask = 2147483647;
			files = (
				E45F418019009F68009D21D7 /* AVFoundation.framework in Frameworks */,
				E4D5606918FFB22300263AC4 /* MediaPlayer.framework in Frameworks */,
				E4DDCFA118FF983D002688E9 /* CoreGraphics.framework in Frameworks */,
				E4DDCFA518FF983D002688E9 /* CoreData.framework in Frameworks */,
				E4DDCFA318FF983D002688E9 /* UIKit.framework in Frameworks */,
				E4DDCF9F18FF983D002688E9 /* Foundation.framework in Frameworks */,
			);
			runOnlyForDeploymentPostprocessing = 0;
		};
		E4DDCFB818FF983D002688E9 /* Frameworks */ = {
			isa = PBXFrameworksBuildPhase;
			buildActionMask = 2147483647;
			files = (
				E4DDCFBD18FF983D002688E9 /* XCTest.framework in Frameworks */,
				E4DDCFC018FF983D002688E9 /* CoreData.framework in Frameworks */,
				E4DDCFBF18FF983D002688E9 /* UIKit.framework in Frameworks */,
				E4DDCFBE18FF983D002688E9 /* Foundation.framework in Frameworks */,
			);
			runOnlyForDeploymentPostprocessing = 0;
		};
/* End PBXFrameworksBuildPhase section */

/* Begin PBXGroup section */
		E45F41811901F4DF009D21D7 /* Videos */ = {
			isa = PBXGroup;
			children = (
				E45F41901901F90C009D21D7 /* abvgdjpordk1dlnqe6tke4nhdv.mp3 */,
				E45F41911901F90C009D21D7 /* bpkkma9v4m7ko7i1ehon7ackrp.mp3 */,
				E45F41921901F90C009D21D7 /* bpn0t1p69b8q58jfanvdebj8ms.mp3 */,
				E45F41931901F90C009D21D7 /* c8gs03kmo5ci4ijruki9k3qtfn.mp3 */,
				E45F41941901F90C009D21D7 /* dg3obb9m1506tjj4r6nt3rctdg.mp3 */,
				E45F41951901F90C009D21D7 /* dqsakds6h6r9ba1c0ph4kiocdl.mp3 */,
				E45F41961901F90C009D21D7 /* e7m6mb9estmnrm9481rjfsrl06.mp3 */,
				E45F41971901F90C009D21D7 /* ijcd3lv0grgbcbe5fah6ccafmd.mp4 */,
				E45F41981901F90C009D21D7 /* j02n6fuji0hve0dfkn9cfg49hu.mp3 */,
				E45F41991901F90C009D21D7 /* k9hj7jsp421r0534q8gbfkrt17.mp3 */,
				E45F419A1901F90C009D21D7 /* lhgo8k5k3lq1h1615vu0edqc84.mp3 */,
				E45F419B1901F90C009D21D7 /* ohvod2am1f8eqdajv4g6kcq1il.mp4 */,
				E45F419C1901F90C009D21D7 /* qnbq12046pq34kgkh3je74l7v2.mp3 */,
				E45F419D1901F90C009D21D7 /* rgnunrgf0kjmp9qk07u3517v65.mp4 */,
				E45F419E1901F90C009D21D7 /* sk7st079h5v4nd84623tbm74to.mp3 */,
				E45F419F1901F90C009D21D7 /* u0gei2lv50peq2qd3ksguf09ki.mp4 */,
				E45F41A01901F90C009D21D7 /* ufdof2ju9i5lrg00clgq1s7v56.mp4 */,
			);
			name = Videos;
			sourceTree = "<group>";
		};
		E45F41C01905A7A3009D21D7 /* Images */ = {
			isa = PBXGroup;
			children = (
				E45F41C11905A7BD009D21D7 /* pause.png */,
				E45F41C21905A7BD009D21D7 /* play.png */,
			);
			name = Images;
			sourceTree = "<group>";
		};
		E4D5605818FFA81600263AC4 /* Models */ = {
			isa = PBXGroup;
			children = (
			);
			name = Models;
			sourceTree = "<group>";
		};
		E4D5607F18FFB3CC00263AC4 /* Extra classes */ = {
			isa = PBXGroup;
			children = (
				E4D5606A18FFB3B700263AC4 /* CallQueue.h */,
				E4D5606B18FFB3B700263AC4 /* CallQueue.m */,
				E4D5607018FFB3B700263AC4 /* NSStringAdditions.h */,
				E4D5607118FFB3B700263AC4 /* NSStringAdditions.m */,
				E4D5607218FFB3B700263AC4 /* NSURLAdditions.h */,
				E4D5607318FFB3B700263AC4 /* NSURLAdditions.m */,
				E4D5607418FFB3B700263AC4 /* NSURLConnectionWithExtras.h */,
				E4D5607518FFB3B700263AC4 /* NSURLConnectionWithExtras.m */,
				E4D5607618FFB3B700263AC4 /* Random.h */,
				E4D5607718FFB3B700263AC4 /* Random.m */,
			);
			name = "Extra classes";
			sourceTree = "<group>";
		};
		E4D5608018FFB3D800263AC4 /* Managers */ = {
			isa = PBXGroup;
			children = (
				E4D5606C18FFB3B700263AC4 /* DAOManager.h */,
				E4D5606D18FFB3B700263AC4 /* DAOManager.m */,
				E4D5606E18FFB3B700263AC4 /* VPDaoV1.h */,
				E4D5606F18FFB3B700263AC4 /* VPDaoV1.m */,
			);
			name = Managers;
			sourceTree = "<group>";
		};
		E4DDCF9218FF983D002688E9 = {
			isa = PBXGroup;
			children = (
				E4DDCFA618FF983D002688E9 /* VideoViewer */,
				E4DDCFC318FF983D002688E9 /* VideoViewerTests */,
				E4DDCF9D18FF983D002688E9 /* Frameworks */,
				E4DDCF9C18FF983D002688E9 /* Products */,
			);
			sourceTree = "<group>";
		};
		E4DDCF9C18FF983D002688E9 /* Products */ = {
			isa = PBXGroup;
			children = (
				E4DDCF9B18FF983D002688E9 /* VideoViewer.app */,
				E4DDCFBB18FF983D002688E9 /* VideoViewerTests.xctest */,
			);
			name = Products;
			sourceTree = "<group>";
		};
		E4DDCF9D18FF983D002688E9 /* Frameworks */ = {
			isa = PBXGroup;
			children = (
				E45F417F19009F68009D21D7 /* AVFoundation.framework */,
				E4D5606818FFB22300263AC4 /* MediaPlayer.framework */,
				E4DDCF9E18FF983D002688E9 /* Foundation.framework */,
				E4DDCFA018FF983D002688E9 /* CoreGraphics.framework */,
				E4DDCFA218FF983D002688E9 /* UIKit.framework */,
				E4DDCFA418FF983D002688E9 /* CoreData.framework */,
				E4DDCFBC18FF983D002688E9 /* XCTest.framework */,
			);
			name = Frameworks;
			sourceTree = "<group>";
		};
		E4DDCFA618FF983D002688E9 /* VideoViewer */ = {
			isa = PBXGroup;
			children = (
				E45F41C01905A7A3009D21D7 /* Images */,
				E45F41811901F4DF009D21D7 /* Videos */,
				E4D5607F18FFB3CC00263AC4 /* Extra classes */,
				E4D5608018FFB3D800263AC4 /* Managers */,
				E4DDCFAF18FF983D002688E9 /* AppDelegate.h */,
				E4DDCFB018FF983D002688E9 /* AppDelegate.m */,
				E4D5604F18FF9A1100263AC4 /* VideoListTableViewController.h */,
				E4D5605018FF9A1100263AC4 /* VideoListTableViewController.m */,
				E4D5605818FFA81600263AC4 /* Models */,
				E4DDCFB518FF983D002688E9 /* Images.xcassets */,
				E4DDCFB218FF983D002688E9 /* VideoViewer.xcdatamodeld */,
				E45F4179190095CA009D21D7 /* Popups.h */,
				E45F417A190095CA009D21D7 /* Popups.m */,
				E45F417619005E1B009D21D7 /* Captions.h */,
				E45F417719005E1B009D21D7 /* Captions.m */,
				E45F417319005E1B009D21D7 /* Languages.h */,
				E45F417419005E1B009D21D7 /* Languages.m */,
				E45F416D19005E1A009D21D7 /* Medias.h */,
				E45F416E19005E1A009D21D7 /* Medias.m */,
				E4D5606518FFAF4D00263AC4 /* VideoPlayerViewController.h */,
				E4D5606618FFAF4D00263AC4 /* VideoPlayerViewController.m */,
				E45F417C19009C3C009D21D7 /* PopupDetailsViewController.h */,
				E45F417D19009C3C009D21D7 /* PopupDetailsViewController.m */,
				E4DDCFA718FF983D002688E9 /* Supporting Files */,
			);
			path = VideoViewer;
			sourceTree = "<group>";
		};
		E4DDCFA718FF983D002688E9 /* Supporting Files */ = {
			isa = PBXGroup;
			children = (
				E4DDCFA818FF983D002688E9 /* VideoViewer-Info.plist */,
				E4DDCFA918FF983D002688E9 /* InfoPlist.strings */,
				E4DDCFAC18FF983D002688E9 /* main.m */,
				E4DDCFAE18FF983D002688E9 /* VideoViewer-Prefix.pch */,
			);
			name = "Supporting Files";
			sourceTree = "<group>";
		};
		E4DDCFC318FF983D002688E9 /* VideoViewerTests */ = {
			isa = PBXGroup;
			children = (
				E4DDCFC918FF983D002688E9 /* VideoViewerTests.m */,
				E4DDCFC418FF983D002688E9 /* Supporting Files */,
			);
			path = VideoViewerTests;
			sourceTree = "<group>";
		};
		E4DDCFC418FF983D002688E9 /* Supporting Files */ = {
			isa = PBXGroup;
			children = (
				E4DDCFC518FF983D002688E9 /* VideoViewerTests-Info.plist */,
				E4DDCFC618FF983D002688E9 /* InfoPlist.strings */,
			);
			name = "Supporting Files";
			sourceTree = "<group>";
		};
/* End PBXGroup section */

/* Begin PBXNativeTarget section */
		E4DDCF9A18FF983D002688E9 /* VideoViewer */ = {
			isa = PBXNativeTarget;
			buildConfigurationList = E4DDCFCD18FF983D002688E9 /* Build configuration list for PBXNativeTarget "VideoViewer" */;
			buildPhases = (
				E4DDCF9718FF983D002688E9 /* Sources */,
				E4DDCF9818FF983D002688E9 /* Frameworks */,
				E4DDCF9918FF983D002688E9 /* Resources */,
			);
			buildRules = (
			);
			dependencies = (
			);
			name = VideoViewer;
			productName = VideoViewer;
			productReference = E4DDCF9B18FF983D002688E9 /* VideoViewer.app */;
			productType = "com.apple.product-type.application";
		};
		E4DDCFBA18FF983D002688E9 /* VideoViewerTests */ = {
			isa = PBXNativeTarget;
			buildConfigurationList = E4DDCFD018FF983D002688E9 /* Build configuration list for PBXNativeTarget "VideoViewerTests" */;
			buildPhases = (
				E4DDCFB718FF983D002688E9 /* Sources */,
				E4DDCFB818FF983D002688E9 /* Frameworks */,
				E4DDCFB918FF983D002688E9 /* Resources */,
			);
			buildRules = (
			);
			dependencies = (
				E4DDCFC218FF983D002688E9 /* PBXTargetDependency */,
			);
			name = VideoViewerTests;
			productName = VideoViewerTests;
			productReference = E4DDCFBB18FF983D002688E9 /* VideoViewerTests.xctest */;
			productType = "com.apple.product-type.bundle.unit-test";
		};
/* End PBXNativeTarget section */

/* Begin PBXProject section */
		E4DDCF9318FF983D002688E9 /* Project object */ = {
			isa = PBXProject;
			attributes = {
				LastUpgradeCheck = 0510;
				ORGANIZATIONNAME = "Cameron McCord";
				TargetAttributes = {
					E4DDCF9A18FF983D002688E9 = {
						DevelopmentTeam = 578ZHS94U8;
					};
					E4DDCFBA18FF983D002688E9 = {
						TestTargetID = E4DDCF9A18FF983D002688E9;
					};
				};
			};
			buildConfigurationList = E4DDCF9618FF983D002688E9 /* Build configuration list for PBXProject "VideoViewer" */;
			compatibilityVersion = "Xcode 3.2";
			developmentRegion = English;
			hasScannedForEncodings = 0;
			knownRegions = (
				en,
			);
			mainGroup = E4DDCF9218FF983D002688E9;
			productRefGroup = E4DDCF9C18FF983D002688E9 /* Products */;
			projectDirPath = "";
			projectRoot = "";
			targets = (
				E4DDCF9A18FF983D002688E9 /* VideoViewer */,
				E4DDCFBA18FF983D002688E9 /* VideoViewerTests */,
			);
		};
/* End PBXProject section */

/* Begin PBXResourcesBuildPhase section */
		E4DDCF9918FF983D002688E9 /* Resources */ = {
			isa = PBXResourcesBuildPhase;
			buildActionMask = 2147483647;
			files = (
				E45F41AA1901F90C009D21D7 /* k9hj7jsp421r0534q8gbfkrt17.mp3 in Resources */,
				E45F41AC1901F90C009D21D7 /* ohvod2am1f8eqdajv4g6kcq1il.mp4 in Resources */,
				E45F41C31905A7BD009D21D7 /* pause.png in Resources */,
				E4DDCFAB18FF983D002688E9 /* InfoPlist.strings in Resources */,
				E45F41A11901F90C009D21D7 /* abvgdjpordk1dlnqe6tke4nhdv.mp3 in Resources */,
				E45F41A41901F90C009D21D7 /* c8gs03kmo5ci4ijruki9k3qtfn.mp3 in Resources */,
				E45F41A31901F90C009D21D7 /* bpn0t1p69b8q58jfanvdebj8ms.mp3 in Resources */,
				E45F41AB1901F90C009D21D7 /* lhgo8k5k3lq1h1615vu0edqc84.mp3 in Resources */,
				E45F41A51901F90C009D21D7 /* dg3obb9m1506tjj4r6nt3rctdg.mp3 in Resources */,
				E45F41A71901F90C009D21D7 /* e7m6mb9estmnrm9481rjfsrl06.mp3 in Resources */,
				E45F41B01901F90C009D21D7 /* u0gei2lv50peq2qd3ksguf09ki.mp4 in Resources */,
				E45F41A91901F90C009D21D7 /* j02n6fuji0hve0dfkn9cfg49hu.mp3 in Resources */,
				E45F41AE1901F90C009D21D7 /* rgnunrgf0kjmp9qk07u3517v65.mp4 in Resources */,
				E45F41A81901F90C009D21D7 /* ijcd3lv0grgbcbe5fah6ccafmd.mp4 in Resources */,
				E45F41C41905A7BD009D21D7 /* play.png in Resources */,
				E45F41A21901F90C009D21D7 /* bpkkma9v4m7ko7i1ehon7ackrp.mp3 in Resources */,
				E45F41AF1901F90C009D21D7 /* sk7st079h5v4nd84623tbm74to.mp3 in Resources */,
				E4DDCFB618FF983D002688E9 /* Images.xcassets in Resources */,
				E45F41AD1901F90C009D21D7 /* qnbq12046pq34kgkh3je74l7v2.mp3 in Resources */,
				E45F41B11901F90C009D21D7 /* ufdof2ju9i5lrg00clgq1s7v56.mp4 in Resources */,
				E45F41A61901F90C009D21D7 /* dqsakds6h6r9ba1c0ph4kiocdl.mp3 in Resources */,
			);
			runOnlyForDeploymentPostprocessing = 0;
		};
		E4DDCFB918FF983D002688E9 /* Resources */ = {
			isa = PBXResourcesBuildPhase;
			buildActionMask = 2147483647;
			files = (
				E4DDCFC818FF983D002688E9 /* InfoPlist.strings in Resources */,
			);
			runOnlyForDeploymentPostprocessing = 0;
		};
/* End PBXResourcesBuildPhase section */

/* Begin PBXSourcesBuildPhase section */
		E4DDCF9718FF983D002688E9 /* Sources */ = {
			isa = PBXSourcesBuildPhase;
			buildActionMask = 2147483647;
			files = (
				E4D5607C18FFB3B700263AC4 /* NSURLAdditions.m in Sources */,
				E45F417E19009C3C009D21D7 /* PopupDetailsViewController.m in Sources */,
				E4D5607B18FFB3B700263AC4 /* NSStringAdditions.m in Sources */,
				E45F417519005E1B009D21D7 /* Languages.m in Sources */,
				E4DDCFB418FF983D002688E9 /* VideoViewer.xcdatamodeld in Sources */,
				E4D5607E18FFB3B700263AC4 /* Random.m in Sources */,
				E4DDCFB118FF983D002688E9 /* AppDelegate.m in Sources */,
				E45F417819005E1B009D21D7 /* Captions.m in Sources */,
				E4D5607A18FFB3B700263AC4 /* VPDaoV1.m in Sources */,
				E4D5607D18FFB3B700263AC4 /* NSURLConnectionWithExtras.m in Sources */,
				E45F416F19005E1A009D21D7 /* Medias.m in Sources */,
				E45F417B190095CA009D21D7 /* Popups.m in Sources */,
				E4D5607918FFB3B700263AC4 /* DAOManager.m in Sources */,
				E4D5607818FFB3B700263AC4 /* CallQueue.m in Sources */,
				E4DDCFAD18FF983D002688E9 /* main.m in Sources */,
				E4D5606718FFAF4D00263AC4 /* VideoPlayerViewController.m in Sources */,
				E4D5605118FF9A1100263AC4 /* VideoListTableViewController.m in Sources */,
			);
			runOnlyForDeploymentPostprocessing = 0;
		};
		E4DDCFB718FF983D002688E9 /* Sources */ = {
			isa = PBXSourcesBuildPhase;
			buildActionMask = 2147483647;
			files = (
				E4DDCFCA18FF983D002688E9 /* VideoViewerTests.m in Sources */,
			);
			runOnlyForDeploymentPostprocessing = 0;
		};
/* End PBXSourcesBuildPhase section */

/* Begin PBXTargetDependency section */
		E4DDCFC218FF983D002688E9 /* PBXTargetDependency */ = {
			isa = PBXTargetDependency;
			target = E4DDCF9A18FF983D002688E9 /* VideoViewer */;
			targetProxy = E4DDCFC118FF983D002688E9 /* PBXContainerItemProxy */;
		};
/* End PBXTargetDependency section */

/* Begin PBXVariantGroup section */
		E4DDCFA918FF983D002688E9 /* InfoPlist.strings */ = {
			isa = PBXVariantGroup;
			children = (
				E4DDCFAA18FF983D002688E9 /* en */,
			);
			name = InfoPlist.strings;
			sourceTree = "<group>";
		};
		E4DDCFC618FF983D002688E9 /* InfoPlist.strings */ = {
			isa = PBXVariantGroup;
			children = (
				E4DDCFC718FF983D002688E9 /* en */,
			);
			name = InfoPlist.strings;
			sourceTree = "<group>";
		};
/* End PBXVariantGroup section */

/* Begin XCBuildConfiguration section */
		E4DDCFCB18FF983D002688E9 /* Debug */ = {
			isa = XCBuildConfiguration;
			buildSettings = {
				ALWAYS_SEARCH_USER_PATHS = NO;
				CLANG_CXX_LANGUAGE_STANDARD = "gnu++0x";
				CLANG_CXX_LIBRARY = "libc++";
				CLANG_ENABLE_MODULES = YES;
				CLANG_ENABLE_OBJC_ARC = YES;
				CLANG_WARN_BOOL_CONVERSION = YES;
				CLANG_WARN_CONSTANT_CONVERSION = YES;
				CLANG_WARN_DIRECT_OBJC_ISA_USAGE = YES_ERROR;
				CLANG_WARN_EMPTY_BODY = YES;
				CLANG_WARN_ENUM_CONVERSION = YES;
				CLANG_WARN_INT_CONVERSION = YES;
				CLANG_WARN_OBJC_ROOT_CLASS = YES_ERROR;
				CLANG_WARN__DUPLICATE_METHOD_MATCH = YES;
				"CODE_SIGN_IDENTITY[sdk=iphoneos*]" = "iPhone Developer";
				COPY_PHASE_STRIP = NO;
				GCC_C_LANGUAGE_STANDARD = gnu99;
				GCC_DYNAMIC_NO_PIC = NO;
				GCC_OPTIMIZATION_LEVEL = 0;
				GCC_PREPROCESSOR_DEFINITIONS = (
					"DEBUG=1",
					"$(inherited)",
				);
				GCC_SYMBOLS_PRIVATE_EXTERN = NO;
				GCC_WARN_64_TO_32_BIT_CONVERSION = YES;
				GCC_WARN_ABOUT_RETURN_TYPE = YES_ERROR;
				GCC_WARN_UNDECLARED_SELECTOR = YES;
				GCC_WARN_UNINITIALIZED_AUTOS = YES_AGGRESSIVE;
				GCC_WARN_UNUSED_FUNCTION = YES;
				GCC_WARN_UNUSED_VARIABLE = YES;
				IPHONEOS_DEPLOYMENT_TARGET = 7.1;
				ONLY_ACTIVE_ARCH = YES;
				SDKROOT = iphoneos;
				TARGETED_DEVICE_FAMILY = "1,2";
			};
			name = Debug;
		};
		E4DDCFCC18FF983D002688E9 /* Release */ = {
			isa = XCBuildConfiguration;
			buildSettings = {
				ALWAYS_SEARCH_USER_PATHS = NO;
				CLANG_CXX_LANGUAGE_STANDARD = "gnu++0x";
				CLANG_CXX_LIBRARY = "libc++";
				CLANG_ENABLE_MODULES = YES;
				CLANG_ENABLE_OBJC_ARC = YES;
				CLANG_WARN_BOOL_CONVERSION = YES;
				CLANG_WARN_CONSTANT_CONVERSION = YES;
				CLANG_WARN_DIRECT_OBJC_ISA_USAGE = YES_ERROR;
				CLANG_WARN_EMPTY_BODY = YES;
				CLANG_WARN_ENUM_CONVERSION = YES;
				CLANG_WARN_INT_CONVERSION = YES;
				CLANG_WARN_OBJC_ROOT_CLASS = YES_ERROR;
				CLANG_WARN__DUPLICATE_METHOD_MATCH = YES;
				"CODE_SIGN_IDENTITY[sdk=iphoneos*]" = "iPhone Developer";
				COPY_PHASE_STRIP = YES;
				ENABLE_NS_ASSERTIONS = NO;
				GCC_C_LANGUAGE_STANDARD = gnu99;
				GCC_WARN_64_TO_32_BIT_CONVERSION = YES;
				GCC_WARN_ABOUT_RETURN_TYPE = YES_ERROR;
				GCC_WARN_UNDECLARED_SELECTOR = YES;
				GCC_WARN_UNINITIALIZED_AUTOS = YES_AGGRESSIVE;
				GCC_WARN_UNUSED_FUNCTION = YES;
				GCC_WARN_UNUSED_VARIABLE = YES;
				IPHONEOS_DEPLOYMENT_TARGET = 7.1;
				SDKROOT = iphoneos;
				TARGETED_DEVICE_FAMILY = "1,2";
				VALIDATE_PRODUCT = YES;
			};
			name = Release;
		};
		E4DDCFCE18FF983D002688E9 /* Debug */ = {
			isa = XCBuildConfiguration;
			buildSettings = {
				ASSETCATALOG_COMPILER_APPICON_NAME = AppIcon;
				ASSETCATALOG_COMPILER_LAUNCHIMAGE_NAME = LaunchImage;
				CODE_SIGN_IDENTITY = "iPhone Developer";
				GCC_PRECOMPILE_PREFIX_HEADER = YES;
				GCC_PREFIX_HEADER = "VideoViewer/VideoViewer-Prefix.pch";
				INFOPLIST_FILE = "VideoViewer/VideoViewer-Info.plist";
				IPHONEOS_DEPLOYMENT_TARGET = 7.0;
				PRODUCT_NAME = "$(TARGET_NAME)";
				WRAPPER_EXTENSION = app;
			};
			name = Debug;
		};
		E4DDCFCF18FF983D002688E9 /* Release */ = {
			isa = XCBuildConfiguration;
			buildSettings = {
				ASSETCATALOG_COMPILER_APPICON_NAME = AppIcon;
				ASSETCATALOG_COMPILER_LAUNCHIMAGE_NAME = LaunchImage;
				CODE_SIGN_IDENTITY = "iPhone Developer";
				GCC_PRECOMPILE_PREFIX_HEADER = YES;
				GCC_PREFIX_HEADER = "VideoViewer/VideoViewer-Prefix.pch";
				INFOPLIST_FILE = "VideoViewer/VideoViewer-Info.plist";
				IPHONEOS_DEPLOYMENT_TARGET = 7.0;
				PRODUCT_NAME = "$(TARGET_NAME)";
				WRAPPER_EXTENSION = app;
			};
			name = Release;
		};
		E4DDCFD118FF983D002688E9 /* Debug */ = {
			isa = XCBuildConfiguration;
			buildSettings = {
				BUNDLE_LOADER = "$(BUILT_PRODUCTS_DIR)/VideoViewer.app/VideoViewer";
				FRAMEWORK_SEARCH_PATHS = (
					"$(SDKROOT)/Developer/Library/Frameworks",
					"$(inherited)",
					"$(DEVELOPER_FRAMEWORKS_DIR)",
				);
				GCC_PRECOMPILE_PREFIX_HEADER = YES;
				GCC_PREFIX_HEADER = "VideoViewer/VideoViewer-Prefix.pch";
				GCC_PREPROCESSOR_DEFINITIONS = (
					"DEBUG=1",
					"$(inherited)",
				);
				INFOPLIST_FILE = "VideoViewerTests/VideoViewerTests-Info.plist";
				PRODUCT_NAME = "$(TARGET_NAME)";
				TEST_HOST = "$(BUNDLE_LOADER)";
				WRAPPER_EXTENSION = xctest;
			};
			name = Debug;
		};
		E4DDCFD218FF983D002688E9 /* Release */ = {
			isa = XCBuildConfiguration;
			buildSettings = {
				BUNDLE_LOADER = "$(BUILT_PRODUCTS_DIR)/VideoViewer.app/VideoViewer";
				FRAMEWORK_SEARCH_PATHS = (
					"$(SDKROOT)/Developer/Library/Frameworks",
					"$(inherited)",
					"$(DEVELOPER_FRAMEWORKS_DIR)",
				);
				GCC_PRECOMPILE_PREFIX_HEADER = YES;
				GCC_PREFIX_HEADER = "VideoViewer/VideoViewer-Prefix.pch";
				INFOPLIST_FILE = "VideoViewerTests/VideoViewerTests-Info.plist";
				PRODUCT_NAME = "$(TARGET_NAME)";
				TEST_HOST = "$(BUNDLE_LOADER)";
				WRAPPER_EXTENSION = xctest;
			};
			name = Release;
		};
/* End XCBuildConfiguration section */

/* Begin XCConfigurationList section */
		E4DDCF9618FF983D002688E9 /* Build configuration list for PBXProject "VideoViewer" */ = {
			isa = XCConfigurationList;
			buildConfigurations = (
				E4DDCFCB18FF983D002688E9 /* Debug */,
				E4DDCFCC18FF983D002688E9 /* Release */,
			);
			defaultConfigurationIsVisible = 0;
			defaultConfigurationName = Release;
		};
		E4DDCFCD18FF983D002688E9 /* Build configuration list for PBXNativeTarget "VideoViewer" */ = {
			isa = XCConfigurationList;
			buildConfigurations = (
				E4DDCFCE18FF983D002688E9 /* Debug */,
				E4DDCFCF18FF983D002688E9 /* Release */,
			);
			defaultConfigurationIsVisible = 0;
			defaultConfigurationName = Release;
		};
		E4DDCFD018FF983D002688E9 /* Build configuration list for PBXNativeTarget "VideoViewerTests" */ = {
			isa = XCConfigurationList;
			buildConfigurations = (
				E4DDCFD118FF983D002688E9 /* Debug */,
				E4DDCFD218FF983D002688E9 /* Release */,
			);
			defaultConfigurationIsVisible = 0;
			defaultConfigurationName = Release;
		};
/* End XCConfigurationList section */

/* Begin XCVersionGroup section */
		E4DDCFB218FF983D002688E9 /* VideoViewer.xcdatamodeld */ = {
			isa = XCVersionGroup;
			children = (
				E4DDCFB318FF983D002688E9 /* VideoViewer.xcdatamodel */,
			);
			currentVersion = E4DDCFB318FF983D002688E9 /* VideoViewer.xcdatamodel */;
			path = VideoViewer.xcdatamodeld;
			sourceTree = "<group>";
			versionGroupType = wrapper.xcdatamodel;
		};
/* End XCVersionGroup section */
	};
	rootObject = E4DDCF9318FF983D002688E9 /* Project object */;
}
